// !$*UTF8*$!
{
	archiveVersion = 1;
	classes = {
	};
	objectVersion = 46;
	objects = {

/* Begin PBXBuildFile section */
		EC1FEF771EDA86C400B93355 /* AppDelegate.swift in Sources */ = {isa = PBXBuildFile; fileRef = EC1FEF761EDA86C400B93355 /* AppDelegate.swift */; };
		EC1FEF791EDA86C400B93355 /* ViewController.swift in Sources */ = {isa = PBXBuildFile; fileRef = EC1FEF781EDA86C400B93355 /* ViewController.swift */; };
		EC1FEF7C1EDA86C400B93355 /* Main.storyboard in Resources */ = {isa = PBXBuildFile; fileRef = EC1FEF7A1EDA86C400B93355 /* Main.storyboard */; };
		EC1FEF7E1EDA86C400B93355 /* Assets.xcassets in Resources */ = {isa = PBXBuildFile; fileRef = EC1FEF7D1EDA86C400B93355 /* Assets.xcassets */; };
		EC1FEF811EDA86C400B93355 /* LaunchScreen.storyboard in Resources */ = {isa = PBXBuildFile; fileRef = EC1FEF7F1EDA86C400B93355 /* LaunchScreen.storyboard */; };
		EC1FEF891EDA8EB600B93355 /* pokemon.csv in Resources */ = {isa = PBXBuildFile; fileRef = EC1FEF881EDA8EB600B93355 /* pokemon.csv */; };
		EC1FEF8C1EDAB05400B93355 /* Pokemon.swift in Sources */ = {isa = PBXBuildFile; fileRef = EC1FEF8B1EDAB05400B93355 /* Pokemon.swift */; };
		EC1FEF8F1EDAB7DA00B93355 /* PokeCell.swift in Sources */ = {isa = PBXBuildFile; fileRef = EC1FEF8E1EDAB7DA00B93355 /* PokeCell.swift */; };
		EC1FEF911EDACBC300B93355 /* csv.swift in Sources */ = {isa = PBXBuildFile; fileRef = EC1FEF901EDACBC300B93355 /* csv.swift */; };
		EC1FEF931EDADCE400B93355 /* pokemon.ttf in Resources */ = {isa = PBXBuildFile; fileRef = EC1FEF921EDADCE400B93355 /* pokemon.ttf */; };
		EC1FEF981EDADEA300B93355 /* music.png in Resources */ = {isa = PBXBuildFile; fileRef = EC1FEF971EDADEA300B93355 /* music.png */; };
		EC1FEF9A1EDADEE400B93355 /* music.mp3 in Resources */ = {isa = PBXBuildFile; fileRef = EC1FEF991EDADEE400B93355 /* music.mp3 */; };
		EC1FEF9C1EDC5B6F00B93355 /* PokemonDetailVC.swift in Sources */ = {isa = PBXBuildFile; fileRef = EC1FEF9B1EDC5B6F00B93355 /* PokemonDetailVC.swift */; };
/* End PBXBuildFile section */

/* Begin PBXFileReference section */
		EC1FEF731EDA86C400B93355 /* pokedex3.app */ = {isa = PBXFileReference; explicitFileType = wrapper.application; includeInIndex = 0; path = pokedex3.app; sourceTree = BUILT_PRODUCTS_DIR; };
		EC1FEF761EDA86C400B93355 /* AppDelegate.swift */ = {isa = PBXFileReference; lastKnownFileType = sourcecode.swift; path = AppDelegate.swift; sourceTree = "<group>"; };
		EC1FEF781EDA86C400B93355 /* ViewController.swift */ = {isa = PBXFileReference; lastKnownFileType = sourcecode.swift; path = ViewController.swift; sourceTree = "<group>"; };
		EC1FEF7B1EDA86C400B93355 /* Base */ = {isa = PBXFileReference; lastKnownFileType = file.storyboard; name = Base; path = Base.lproj/Main.storyboard; sourceTree = "<group>"; };
		EC1FEF7D1EDA86C400B93355 /* Assets.xcassets */ = {isa = PBXFileReference; lastKnownFileType = folder.assetcatalog; path = Assets.xcassets; sourceTree = "<group>"; };
		EC1FEF801EDA86C400B93355 /* Base */ = {isa = PBXFileReference; lastKnownFileType = file.storyboard; name = Base; path = Base.lproj/LaunchScreen.storyboard; sourceTree = "<group>"; };
		EC1FEF821EDA86C400B93355 /* Info.plist */ = {isa = PBXFileReference; lastKnownFileType = text.plist.xml; path = Info.plist; sourceTree = "<group>"; };
		EC1FEF881EDA8EB600B93355 /* pokemon.csv */ = {isa = PBXFileReference; fileEncoding = 4; lastKnownFileType = text; path = pokemon.csv; sourceTree = "<group>"; };
		EC1FEF8B1EDAB05400B93355 /* Pokemon.swift */ = {isa = PBXFileReference; fileEncoding = 4; lastKnownFileType = sourcecode.swift; path = Pokemon.swift; sourceTree = "<group>"; };
		EC1FEF8E1EDAB7DA00B93355 /* PokeCell.swift */ = {isa = PBXFileReference; fileEncoding = 4; lastKnownFileType = sourcecode.swift; path = PokeCell.swift; sourceTree = "<group>"; };
		EC1FEF901EDACBC300B93355 /* csv.swift */ = {isa = PBXFileReference; fileEncoding = 4; lastKnownFileType = sourcecode.swift; name = csv.swift; path = ../csv.swift; sourceTree = "<group>"; };
		EC1FEF921EDADCE400B93355 /* pokemon.ttf */ = {isa = PBXFileReference; lastKnownFileType = file; path = pokemon.ttf; sourceTree = "<group>"; };
		EC1FEF971EDADEA300B93355 /* music.png */ = {isa = PBXFileReference; lastKnownFileType = image.png; path = music.png; sourceTree = "<group>"; };
		EC1FEF991EDADEE400B93355 /* music.mp3 */ = {isa = PBXFileReference; lastKnownFileType = audio.mp3; path = music.mp3; sourceTree = "<group>"; };
		EC1FEF9B1EDC5B6F00B93355 /* PokemonDetailVC.swift */ = {isa = PBXFileReference; fileEncoding = 4; lastKnownFileType = sourcecode.swift; path = PokemonDetailVC.swift; sourceTree = "<group>"; };
/* End PBXFileReference section */

/* Begin PBXFrameworksBuildPhase section */
		EC1FEF701EDA86C400B93355 /* Frameworks */ = {
			isa = PBXFrameworksBuildPhase;
			buildActionMask = 2147483647;
			files = (
			);
			runOnlyForDeploymentPostprocessing = 0;
		};
/* End PBXFrameworksBuildPhase section */

/* Begin PBXGroup section */
		EC1FEF6A1EDA86C400B93355 = {
			isa = PBXGroup;
			children = (
				EC1FEF751EDA86C400B93355 /* pokedex3 */,
				EC1FEF741EDA86C400B93355 /* Products */,
			);
			sourceTree = "<group>";
		};
		EC1FEF741EDA86C400B93355 /* Products */ = {
			isa = PBXGroup;
			children = (
				EC1FEF731EDA86C400B93355 /* pokedex3.app */,
			);
			name = Products;
			sourceTree = "<group>";
		};
		EC1FEF751EDA86C400B93355 /* pokedex3 */ = {
			isa = PBXGroup;
			children = (
				EC1FEF8A1EDAB03F00B93355 /* Model */,
				EC1FEF8D1EDAB7B400B93355 /* View */,
				EC1FEF941EDADD2100B93355 /* Controller */,
				EC1FEF951EDADD4000B93355 /* Resource */,
				EC1FEF961EDADD6500B93355 /* Util */,
				EC1FEF761EDA86C400B93355 /* AppDelegate.swift */,
				EC1FEF7A1EDA86C400B93355 /* Main.storyboard */,
				EC1FEF7D1EDA86C400B93355 /* Assets.xcassets */,
				EC1FEF7F1EDA86C400B93355 /* LaunchScreen.storyboard */,
				EC1FEF821EDA86C400B93355 /* Info.plist */,
			);
			path = pokedex3;
			sourceTree = "<group>";
		};
		EC1FEF8A1EDAB03F00B93355 /* Model */ = {
			isa = PBXGroup;
			children = (
				EC1FEF8B1EDAB05400B93355 /* Pokemon.swift */,
			);
			name = Model;
			sourceTree = "<group>";
		};
		EC1FEF8D1EDAB7B400B93355 /* View */ = {
			isa = PBXGroup;
			children = (
				EC1FEF8E1EDAB7DA00B93355 /* PokeCell.swift */,
			);
			name = View;
			sourceTree = "<group>";
		};
		EC1FEF941EDADD2100B93355 /* Controller */ = {
			isa = PBXGroup;
			children = (
				EC1FEF781EDA86C400B93355 /* ViewController.swift */,
				EC1FEF9B1EDC5B6F00B93355 /* PokemonDetailVC.swift */,
			);
			name = Controller;
			sourceTree = "<group>";
		};
		EC1FEF951EDADD4000B93355 /* Resource */ = {
			isa = PBXGroup;
			children = (
				EC1FEF881EDA8EB600B93355 /* pokemon.csv */,
				EC1FEF921EDADCE400B93355 /* pokemon.ttf */,
				EC1FEF971EDADEA300B93355 /* music.png */,
				EC1FEF991EDADEE400B93355 /* music.mp3 */,
			);
			name = Resource;
			sourceTree = "<group>";
		};
		EC1FEF961EDADD6500B93355 /* Util */ = {
			isa = PBXGroup;
			children = (
				EC1FEF901EDACBC300B93355 /* csv.swift */,
			);
			name = Util;
			sourceTree = "<group>";
		};
/* End PBXGroup section */

/* Begin PBXNativeTarget section */
		EC1FEF721EDA86C400B93355 /* pokedex3 */ = {
			isa = PBXNativeTarget;
			buildConfigurationList = EC1FEF851EDA86C400B93355 /* Build configuration list for PBXNativeTarget "pokedex3" */;
			buildPhases = (
				EC1FEF6F1EDA86C400B93355 /* Sources */,
				EC1FEF701EDA86C400B93355 /* Frameworks */,
				EC1FEF711EDA86C400B93355 /* Resources */,
			);
			buildRules = (
			);
			dependencies = (
			);
			name = pokedex3;
			productName = pokedex3;
			productReference = EC1FEF731EDA86C400B93355 /* pokedex3.app */;
			productType = "com.apple.product-type.application";
		};
/* End PBXNativeTarget section */

/* Begin PBXProject section */
		EC1FEF6B1EDA86C400B93355 /* Project object */ = {
			isa = PBXProject;
			attributes = {
				LastSwiftUpdateCheck = 0830;
				LastUpgradeCheck = 0830;
				ORGANIZATIONNAME = "Hoang Nguyen Minh";
				TargetAttributes = {
					EC1FEF721EDA86C400B93355 = {
						CreatedOnToolsVersion = 8.3.2;
						ProvisioningStyle = Automatic;
					};
				};
			};
			buildConfigurationList = EC1FEF6E1EDA86C400B93355 /* Build configuration list for PBXProject "pokedex3" */;
			compatibilityVersion = "Xcode 3.2";
			developmentRegion = English;
			hasScannedForEncodings = 0;
			knownRegions = (
				en,
				Base,
			);
			mainGroup = EC1FEF6A1EDA86C400B93355;
			productRefGroup = EC1FEF741EDA86C400B93355 /* Products */;
			projectDirPath = "";
			projectRoot = "";
			targets = (
				EC1FEF721EDA86C400B93355 /* pokedex3 */,
			);
		};
/* End PBXProject section */

/* Begin PBXResourcesBuildPhase section */
		EC1FEF711EDA86C400B93355 /* Resources */ = {
			isa = PBXResourcesBuildPhase;
			buildActionMask = 2147483647;
			files = (
				EC1FEF931EDADCE400B93355 /* pokemon.ttf in Resources */,
				EC1FEF811EDA86C400B93355 /* LaunchScreen.storyboard in Resources */,
				EC1FEF7E1EDA86C400B93355 /* Assets.xcassets in Resources */,
				EC1FEF891EDA8EB600B93355 /* pokemon.csv in Resources */,
				EC1FEF7C1EDA86C400B93355 /* Main.storyboard in Resources */,
				EC1FEF9A1EDADEE400B93355 /* music.mp3 in Resources */,
				EC1FEF981EDADEA300B93355 /* music.png in Resources */,
			);
			runOnlyForDeploymentPostprocessing = 0;
		};
/* End PBXResourcesBuildPhase section */

/* Begin PBXSourcesBuildPhase section */
		EC1FEF6F1EDA86C400B93355 /* Sources */ = {
			isa = PBXSourcesBuildPhase;
			buildActionMask = 2147483647;
			files = (
				EC1FEF8F1EDAB7DA00B93355 /* PokeCell.swift in Sources */,
				EC1FEF791EDA86C400B93355 /* ViewController.swift in Sources */,
				EC1FEF771EDA86C400B93355 /* AppDelegate.swift in Sources */,
				EC1FEF9C1EDC5B6F00B93355 /* PokemonDetailVC.swift in Sources */,
				EC1FEF8C1EDAB05400B93355 /* Pokemon.swift in Sources */,
				EC1FEF911EDACBC300B93355 /* csv.swift in Sources */,
			);
			runOnlyForDeploymentPostprocessing = 0;
		};
/* End PBXSourcesBuildPhase section */

/* Begin PBXVariantGroup section */
		EC1FEF7A1EDA86C400B93355 /* Main.storyboard */ = {
			isa = PBXVariantGroup;
			children = (
				EC1FEF7B1EDA86C400B93355 /* Base */,
			);
			name = Main.storyboard;
			sourceTree = "<group>";
		};
		EC1FEF7F1EDA86C400B93355 /* LaunchScreen.storyboard */ = {
			isa = PBXVariantGroup;
			children = (
				EC1FEF801EDA86C400B93355 /* Base */,
			);
			name = LaunchScreen.storyboard;
			sourceTree = "<group>";
		};
/* End PBXVariantGroup section */

/* Begin XCBuildConfiguration section */
		EC1FEF831EDA86C400B93355 /* Debug */ = {
			isa = XCBuildConfiguration;
			buildSettings = {
				ALWAYS_SEARCH_USER_PATHS = NO;
				CLANG_ANALYZER_NONNULL = YES;
				CLANG_ANALYZER_NUMBER_OBJECT_CONVERSION = YES_AGGRESSIVE;
				CLANG_CXX_LANGUAGE_STANDARD = "gnu++0x";
				CLANG_CXX_LIBRARY = "libc++";
				CLANG_ENABLE_MODULES = YES;
				CLANG_ENABLE_OBJC_ARC = YES;
				CLANG_WARN_BOOL_CONVERSION = YES;
				CLANG_WARN_CONSTANT_CONVERSION = YES;
				CLANG_WARN_DIRECT_OBJC_ISA_USAGE = YES_ERROR;
				CLANG_WARN_DOCUMENTATION_COMMENTS = YES;
				CLANG_WARN_EMPTY_BODY = YES;
				CLANG_WARN_ENUM_CONVERSION = YES;
				CLANG_WARN_INFINITE_RECURSION = YES;
				CLANG_WARN_INT_CONVERSION = YES;
				CLANG_WARN_OBJC_ROOT_CLASS = YES_ERROR;
				CLANG_WARN_SUSPICIOUS_MOVE = YES;
				CLANG_WARN_UNREACHABLE_CODE = YES;
				CLANG_WARN__DUPLICATE_METHOD_MATCH = YES;
				"CODE_SIGN_IDENTITY[sdk=iphoneos*]" = "iPhone Developer";
				COPY_PHASE_STRIP = NO;
				DEBUG_INFORMATION_FORMAT = dwarf;
				ENABLE_STRICT_OBJC_MSGSEND = YES;
				ENABLE_TESTABILITY = YES;
				GCC_C_LANGUAGE_STANDARD = gnu99;
				GCC_DYNAMIC_NO_PIC = NO;
				GCC_NO_COMMON_BLOCKS = YES;
				GCC_OPTIMIZATION_LEVEL = 0;
				GCC_PREPROCESSOR_DEFINITIONS = (
					"DEBUG=1",
					"$(inherited)",
				);
				GCC_WARN_64_TO_32_BIT_CONVERSION = YES;
				GCC_WARN_ABOUT_RETURN_TYPE = YES_ERROR;
				GCC_WARN_UNDECLARED_SELECTOR = YES;
				GCC_WARN_UNINITIALIZED_AUTOS = YES_AGGRESSIVE;
				GCC_WARN_UNUSED_FUNCTION = YES;
				GCC_WARN_UNUSED_VARIABLE = YES;
				IPHONEOS_DEPLOYMENT_TARGET = 10.3;
				MTL_ENABLE_DEBUG_INFO = YES;
				ONLY_ACTIVE_ARCH = YES;
				SDKROOT = iphoneos;
				SWIFT_ACTIVE_COMPILATION_CONDITIONS = DEBUG;
				SWIFT_OPTIMIZATION_LEVEL = "-Onone";
			};
			name = Debug;
		};
		EC1FEF841EDA86C400B93355 /* Release */ = {
			isa = XCBuildConfiguration;
			buildSettings = {
				ALWAYS_SEARCH_USER_PATHS = NO;
				CLANG_ANALYZER_NONNULL = YES;
				CLANG_ANALYZER_NUMBER_OBJECT_CONVERSION = YES_AGGRESSIVE;
				CLANG_CXX_LANGUAGE_STANDARD = "gnu++0x";
				CLANG_CXX_LIBRARY = "libc++";
				CLANG_ENABLE_MODULES = YES;
				CLANG_ENABLE_OBJC_ARC = YES;
				CLANG_WARN_BOOL_CONVERSION = YES;
				CLANG_WARN_CONSTANT_CONVERSION = YES;
				CLANG_WARN_DIRECT_OBJC_ISA_USAGE = YES_ERROR;
				CLANG_WARN_DOCUMENTATION_COMMENTS = YES;
				CLANG_WARN_EMPTY_BODY = YES;
				CLANG_WARN_ENUM_CONVERSION = YES;
				CLANG_WARN_INFINITE_RECURSION = YES;
				CLANG_WARN_INT_CONVERSION = YES;
				CLANG_WARN_OBJC_ROOT_CLASS = YES_ERROR;
				CLANG_WARN_SUSPICIOUS_MOVE = YES;
				CLANG_WARN_UNREACHABLE_CODE = YES;
				CLANG_WARN__DUPLICATE_METHOD_MATCH = YES;
				"CODE_SIGN_IDENTITY[sdk=iphoneos*]" = "iPhone Developer";
				COPY_PHASE_STRIP = NO;
				DEBUG_INFORMATION_FORMAT = "dwarf-with-dsym";
				ENABLE_NS_ASSERTIONS = NO;
				ENABLE_STRICT_OBJC_MSGSEND = YES;
				GCC_C_LANGUAGE_STANDARD = gnu99;
				GCC_NO_COMMON_BLOCKS = YES;
				GCC_WARN_64_TO_32_BIT_CONVERSION = YES;
				GCC_WARN_ABOUT_RETURN_TYPE = YES_ERROR;
				GCC_WARN_UNDECLARED_SELECTOR = YES;
				GCC_WARN_UNINITIALIZED_AUTOS = YES_AGGRESSIVE;
				GCC_WARN_UNUSED_FUNCTION = YES;
				GCC_WARN_UNUSED_VARIABLE = YES;
				IPHONEOS_DEPLOYMENT_TARGET = 10.3;
				MTL_ENABLE_DEBUG_INFO = NO;
				SDKROOT = iphoneos;
				SWIFT_OPTIMIZATION_LEVEL = "-Owholemodule";
				VALIDATE_PRODUCT = YES;
			};
			name = Release;
		};
		EC1FEF861EDA86C400B93355 /* Debug */ = {
			isa = XCBuildConfiguration;
			buildSettings = {
				ASSETCATALOG_COMPILER_APPICON_NAME = AppIcon;
				INFOPLIST_FILE = pokedex3/Info.plist;
				LD_RUNPATH_SEARCH_PATHS = "$(inherited) @executable_path/Frameworks";
				PRODUCT_BUNDLE_IDENTIFIER = hoangmobilefirst.pokedex3;
				PRODUCT_NAME = "$(TARGET_NAME)";
				SWIFT_VERSION = 3.0;
			};
			name = Debug;
		};
		EC1FEF871EDA86C400B93355 /* Release */ = {
			isa = XCBuildConfiguration;
			buildSettings = {
				ASSETCATALOG_COMPILER_APPICON_NAME = AppIcon;
				INFOPLIST_FILE = pokedex3/Info.plist;
				LD_RUNPATH_SEARCH_PATHS = "$(inherited) @executable_path/Frameworks";
				PRODUCT_BUNDLE_IDENTIFIER = hoangmobilefirst.pokedex3;
				PRODUCT_NAME = "$(TARGET_NAME)";
				SWIFT_VERSION = 3.0;
			};
			name = Release;
		};
/* End XCBuildConfiguration section */

/* Begin XCConfigurationList section */
		EC1FEF6E1EDA86C400B93355 /* Build configuration list for PBXProject "pokedex3" */ = {
			isa = XCConfigurationList;
			buildConfigurations = (
				EC1FEF831EDA86C400B93355 /* Debug */,
				EC1FEF841EDA86C400B93355 /* Release */,
			);
			defaultConfigurationIsVisible = 0;
			defaultConfigurationName = Release;
		};
		EC1FEF851EDA86C400B93355 /* Build configuration list for PBXNativeTarget "pokedex3" */ = {
			isa = XCConfigurationList;
			buildConfigurations = (
				EC1FEF861EDA86C400B93355 /* Debug */,
				EC1FEF871EDA86C400B93355 /* Release */,
			);
			defaultConfigurationIsVisible = 0;
			defaultConfigurationName = Release;
		};
/* End XCConfigurationList section */
	};
	rootObject = EC1FEF6B1EDA86C400B93355 /* Project object */;
}
